
Microsoft Visual Studio Solution File, Format Version 12.00
# Visual Studio Version 17
VisualStudioVersion = 17.5.33530.505
MinimumVisualStudioVersion = 10.0.40219.1
Project("{FAE04EC0-301F-11D3-BF4B-00C04F79EFBC}") = "LongestWord", "LongestWord.csproj", "{14B68DDB-DC18-48EA-9B34-38DAB84524DF}"
EndProject
Global
	GlobalSection(SolutionConfigurationPlatforms) = preSolution
		Debug|Any CPU = Debug|Any CPU
		Release|Any CPU = Release|Any CPU
	EndGlobalSection
	GlobalSection(ProjectConfigurationPlatforms) = postSolution
		{14B68DDB-DC18-48EA-9B34-38DAB84524DF}.Debug|Any CPU.ActiveCfg = Debug|Any CPU
		{14B68DDB-DC18-48EA-9B34-38DAB84524DF}.Debug|Any CPU.Build.0 = Debug|Any CPU
		{14B68DDB-DC18-48EA-9B34-38DAB84524DF}.Release|Any CPU.ActiveCfg = Release|Any CPU
		{14B68DDB-DC18-48EA-9B34-38DAB84524DF}.Release|Any CPU.Build.0 = Release|Any CPU
	EndGlobalSection
	GlobalSection(SolutionProperties) = preSolution
		HideSolutionNode = FALSE
	EndGlobalSection
	GlobalSection(ExtensibilityGlobals) = postSolution
		SolutionGuid = {539BAB2B-081A-417B-8135-D43E8A6BDAD6}
	EndGlobalSection
EndGlobal
